PODS:
  - Flutter (1.0.0)
  - plugin_code (0.0.1):
    - Flutter

DEPENDENCIES:
  - Flutter (from `Flutter`)
  - plugin_code (from `.symlinks/plugins/plugin_code/ios`)

EXTERNAL SOURCES:
  Flutter:
    :path: Flutter
  plugin_code:
    :path: ".symlinks/plugins/plugin_code/ios"

SPEC CHECKSUMS:
  Flutter: 0e3d915762c693b495b44d77113d4970485de6ec
  plugin_code: 52b6fcb52a1605abf771bdb90cd2f999a4d288a1

PODFILE CHECKSUM: f32fb4e7c14f8b3ca19a369d7be425dd9241af27

COCOAPODS: 1.8.4
